
Microsoft Visual Studio Solution File, Format Version 12.00
# Visual Studio Version 16
VisualStudioVersion = 25.0.1706.0
MinimumVisualStudioVersion = 10.0.40219.1
Project("{FAE04EC0-301F-11D3-BF4B-00C04F79EFBC}") = "mt first program", "mt first program\mt first program.csproj", "{C7B07259-6C1E-420B-851F-9E61ECB24F27}"
EndProject
Global
	GlobalSection(SolutionConfigurationPlatforms) = preSolution
		Debug|Any CPU = Debug|Any CPU
		Release|Any CPU = Release|Any CPU
	EndGlobalSection
	GlobalSection(ProjectConfigurationPlatforms) = postSolution
		{C7B07259-6C1E-420B-851F-9E61ECB24F27}.Debug|Any CPU.ActiveCfg = Debug|Any CPU
		{C7B07259-6C1E-420B-851F-9E61ECB24F27}.Debug|Any CPU.Build.0 = Debug|Any CPU
		{C7B07259-6C1E-420B-851F-9E61ECB24F27}.Release|Any CPU.ActiveCfg = Release|Any CPU
		{C7B07259-6C1E-420B-851F-9E61ECB24F27}.Release|Any CPU.Build.0 = Release|Any CPU
	EndGlobalSection
	GlobalSection(SolutionProperties) = preSolution
		HideSolutionNode = FALSE
	EndGlobalSection
	GlobalSection(ExtensibilityGlobals) = postSolution
		SolutionGuid = {529D901A-5DA7-4286-BFDE-B7ED13483A64}
	EndGlobalSection
EndGlobal
